// !$*UTF8*$!
{
	archiveVersion = 1;
	classes = {
	};
	objectVersion = 46;
	objects = {

/* Begin PBXBuildFile section */
		11C44B5216CBD1550026BACA /* Foundation.framework in Frameworks */ = {isa = PBXBuildFile; fileRef = 11C44B5116CBD1550026BACA /* Foundation.framework */; };
		11C44B5716CBD1550026BACA /* FlashLight.h in CopyFiles */ = {isa = PBXBuildFile; fileRef = 11C44B5616CBD1550026BACA /* FlashLight.h */; };
		11C44B5916CBD1560026BACA /* FlashLight.m in Sources */ = {isa = PBXBuildFile; fileRef = 11C44B5816CBD1560026BACA /* FlashLight.m */; };
		11C44B6716CBD6460026BACA /* AVFoundation.framework in Frameworks */ = {isa = PBXBuildFile; fileRef = 11C44B6616CBD6460026BACA /* AVFoundation.framework */; };
/* End PBXBuildFile section */

/* Begin PBXCopyFilesBuildPhase section */
		11C44B4C16CBD1550026BACA /* CopyFiles */ = {
			isa = PBXCopyFilesBuildPhase;
			buildActionMask = 2147483647;
			dstPath = "include/${PRODUCT_NAME}";
			dstSubfolderSpec = 16;
			files = (
				11C44B5716CBD1550026BACA /* FlashLight.h in CopyFiles */,
			);
			runOnlyForDeploymentPostprocessing = 0;
		};
/* End PBXCopyFilesBuildPhase section */

/* Begin PBXFileReference section */
		11C44B4E16CBD1550026BACA /* libFlashLight.a */ = {isa = PBXFileReference; explicitFileType = archive.ar; includeInIndex = 0; path = libFlashLight.a; sourceTree = BUILT_PRODUCTS_DIR; };
		11C44B5116CBD1550026BACA /* Foundation.framework */ = {isa = PBXFileReference; lastKnownFileType = wrapper.framework; name = Foundation.framework; path = System/Library/Frameworks/Foundation.framework; sourceTree = SDKROOT; };
		11C44B5516CBD1550026BACA /* FlashLight-Prefix.pch */ = {isa = PBXFileReference; lastKnownFileType = sourcecode.c.h; path = "FlashLight-Prefix.pch"; sourceTree = "<group>"; };
		11C44B5616CBD1550026BACA /* FlashLight.h */ = {isa = PBXFileReference; lastKnownFileType = sourcecode.c.h; path = FlashLight.h; sourceTree = "<group>"; };
		11C44B5816CBD1560026BACA /* FlashLight.m */ = {isa = PBXFileReference; lastKnownFileType = sourcecode.c.objc; path = FlashLight.m; sourceTree = "<group>"; };
		11C44B6216CBD2000026BACA /* FlashRuntimeExtensions.h */ = {isa = PBXFileReference; fileEncoding = 4; lastKnownFileType = sourcecode.c.h; name = FlashRuntimeExtensions.h; path = "/Applications/Adobe Flash Builder 4.6/sdks/4.6.0/include/FlashRuntimeExtensions.h"; sourceTree = "<absolute>"; };
		11C44B6616CBD6460026BACA /* AVFoundation.framework */ = {isa = PBXFileReference; lastKnownFileType = wrapper.framework; name = AVFoundation.framework; path = System/Library/Frameworks/AVFoundation.framework; sourceTree = SDKROOT; };
/* End PBXFileReference section */

/* Begin PBXFrameworksBuildPhase section */
		11C44B4B16CBD1550026BACA /* Frameworks */ = {
			isa = PBXFrameworksBuildPhase;
			buildActionMask = 2147483647;
			files = (
				11C44B6716CBD6460026BACA /* AVFoundation.framework in Frameworks */,
				11C44B5216CBD1550026BACA /* Foundation.framework in Frameworks */,
			);
			runOnlyForDeploymentPostprocessing = 0;
		};
/* End PBXFrameworksBuildPhase section */

/* Begin PBXGroup section */
		11C44B4316CBD1550026BACA = {
			isa = PBXGroup;
			children = (
				11C44B6616CBD6460026BACA /* AVFoundation.framework */,
				11C44B6216CBD2000026BACA /* FlashRuntimeExtensions.h */,
				11C44B5316CBD1550026BACA /* FlashLight */,
				11C44B5016CBD1550026BACA /* Frameworks */,
				11C44B4F16CBD1550026BACA /* Products */,
			);
			sourceTree = "<group>";
		};
		11C44B4F16CBD1550026BACA /* Products */ = {
			isa = PBXGroup;
			children = (
				11C44B4E16CBD1550026BACA /* libFlashLight.a */,
			);
			name = Products;
			sourceTree = "<group>";
		};
		11C44B5016CBD1550026BACA /* Frameworks */ = {
			isa = PBXGroup;
			children = (
				11C44B5116CBD1550026BACA /* Foundation.framework */,
			);
			name = Frameworks;
			sourceTree = "<group>";
		};
		11C44B5316CBD1550026BACA /* FlashLight */ = {
			isa = PBXGroup;
			children = (
				11C44B5616CBD1550026BACA /* FlashLight.h */,
				11C44B5816CBD1560026BACA /* FlashLight.m */,
				11C44B5416CBD1550026BACA /* Supporting Files */,
			);
			path = FlashLight;
			sourceTree = "<group>";
		};
		11C44B5416CBD1550026BACA /* Supporting Files */ = {
			isa = PBXGroup;
			children = (
				11C44B5516CBD1550026BACA /* FlashLight-Prefix.pch */,
			);
			name = "Supporting Files";
			sourceTree = "<group>";
		};
/* End PBXGroup section */

/* Begin PBXNativeTarget section */
		11C44B4D16CBD1550026BACA /* FlashLight */ = {
			isa = PBXNativeTarget;
			buildConfigurationList = 11C44B5C16CBD1560026BACA /* Build configuration list for PBXNativeTarget "FlashLight" */;
			buildPhases = (
				11C44B4A16CBD1550026BACA /* Sources */,
				11C44B4B16CBD1550026BACA /* Frameworks */,
				11C44B4C16CBD1550026BACA /* CopyFiles */,
			);
			buildRules = (
			);
			dependencies = (
			);
			name = FlashLight;
			productName = FlashLight;
			productReference = 11C44B4E16CBD1550026BACA /* libFlashLight.a */;
			productType = "com.apple.product-type.library.static";
		};
/* End PBXNativeTarget section */

/* Begin PBXProject section */
		11C44B4516CBD1550026BACA /* Project object */ = {
			isa = PBXProject;
			attributes = {
				LastUpgradeCheck = 0450;
				ORGANIZATIONNAME = sewonist;
			};
			buildConfigurationList = 11C44B4816CBD1550026BACA /* Build configuration list for PBXProject "FlashLight" */;
			compatibilityVersion = "Xcode 3.2";
			developmentRegion = English;
			hasScannedForEncodings = 0;
			knownRegions = (
				en,
			);
			mainGroup = 11C44B4316CBD1550026BACA;
			productRefGroup = 11C44B4F16CBD1550026BACA /* Products */;
			projectDirPath = "";
			projectRoot = "";
			targets = (
				11C44B4D16CBD1550026BACA /* FlashLight */,
			);
		};
/* End PBXProject section */

/* Begin PBXSourcesBuildPhase section */
		11C44B4A16CBD1550026BACA /* Sources */ = {
			isa = PBXSourcesBuildPhase;
			buildActionMask = 2147483647;
			files = (
				11C44B5916CBD1560026BACA /* FlashLight.m in Sources */,
			);
			runOnlyForDeploymentPostprocessing = 0;
		};
/* End PBXSourcesBuildPhase section */

/* Begin XCBuildConfiguration section */
		11C44B5A16CBD1560026BACA /* Debug */ = {
			isa = XCBuildConfiguration;
			buildSettings = {
				ALWAYS_SEARCH_USER_PATHS = NO;
				CLANG_CXX_LANGUAGE_STANDARD = "gnu++0x";
				CLANG_CXX_LIBRARY = "libc++";
				CLANG_WARN_EMPTY_BODY = YES;
				CLANG_WARN__DUPLICATE_METHOD_MATCH = YES;
				COPY_PHASE_STRIP = NO;
				GCC_C_LANGUAGE_STANDARD = gnu99;
				GCC_DYNAMIC_NO_PIC = NO;
				GCC_OPTIMIZATION_LEVEL = 0;
				GCC_PREPROCESSOR_DEFINITIONS = (
					"DEBUG=1",
					"$(inherited)",
				);
				GCC_SYMBOLS_PRIVATE_EXTERN = NO;
				GCC_WARN_ABOUT_RETURN_TYPE = YES;
				GCC_WARN_UNINITIALIZED_AUTOS = YES;
				GCC_WARN_UNUSED_VARIABLE = YES;
				IPHONEOS_DEPLOYMENT_TARGET = 6.0;
				SDKROOT = iphoneos;
			};
			name = Debug;
		};
		11C44B5B16CBD1560026BACA /* Release */ = {
			isa = XCBuildConfiguration;
			buildSettings = {
				ALWAYS_SEARCH_USER_PATHS = NO;
				CLANG_CXX_LANGUAGE_STANDARD = "gnu++0x";
				CLANG_CXX_LIBRARY = "libc++";
				CLANG_WARN_EMPTY_BODY = YES;
				CLANG_WARN__DUPLICATE_METHOD_MATCH = YES;
				COPY_PHASE_STRIP = YES;
				GCC_C_LANGUAGE_STANDARD = gnu99;
				GCC_WARN_ABOUT_RETURN_TYPE = YES;
				GCC_WARN_UNINITIALIZED_AUTOS = YES;
				GCC_WARN_UNUSED_VARIABLE = YES;
				IPHONEOS_DEPLOYMENT_TARGET = 6.0;
				SDKROOT = iphoneos;
				VALIDATE_PRODUCT = YES;
			};
			name = Release;
		};
		11C44B5D16CBD1560026BACA /* Debug */ = {
			isa = XCBuildConfiguration;
			buildSettings = {
				DSTROOT = /tmp/FlashLight.dst;
				GCC_PRECOMPILE_PREFIX_HEADER = YES;
				GCC_PREFIX_HEADER = "FlashLight/FlashLight-Prefix.pch";
				OTHER_LDFLAGS = "-ObjC";
				PRODUCT_NAME = "$(TARGET_NAME)";
				SKIP_INSTALL = YES;
			};
			name = Debug;
		};
		11C44B5E16CBD1560026BACA /* Release */ = {
			isa = XCBuildConfiguration;
			buildSettings = {
				DSTROOT = /tmp/FlashLight.dst;
				GCC_PRECOMPILE_PREFIX_HEADER = YES;
				GCC_PREFIX_HEADER = "FlashLight/FlashLight-Prefix.pch";
				OTHER_LDFLAGS = "-ObjC";
				PRODUCT_NAME = "$(TARGET_NAME)";
				SKIP_INSTALL = YES;
			};
			name = Release;
		};
/* End XCBuildConfiguration section */

/* Begin XCConfigurationList section */
		11C44B4816CBD1550026BACA /* Build configuration list for PBXProject "FlashLight" */ = {
			isa = XCConfigurationList;
			buildConfigurations = (
				11C44B5A16CBD1560026BACA /* Debug */,
				11C44B5B16CBD1560026BACA /* Release */,
			);
			defaultConfigurationIsVisible = 0;
			defaultConfigurationName = Release;
		};
		11C44B5C16CBD1560026BACA /* Build configuration list for PBXNativeTarget "FlashLight" */ = {
			isa = XCConfigurationList;
			buildConfigurations = (
				11C44B5D16CBD1560026BACA /* Debug */,
				11C44B5E16CBD1560026BACA /* Release */,
			);
			defaultConfigurationIsVisible = 0;
		};
/* End XCConfigurationList section */
	};
	rootObject = 11C44B4516CBD1550026BACA /* Project object */;
}
